
Microsoft Visual Studio Solution File, Format Version 12.00
# Visual Studio Version 17
VisualStudioVersion = 17.9.34701.34
MinimumVisualStudioVersion = 10.0.40219.1
Project("{FAE04EC0-301F-11D3-BF4B-00C04F79EFBC}") = "MyProducts", "MyProducts.csproj", "{0137A871-E633-448F-985B-30500D30A092}"
EndProject
Global
	GlobalSection(SolutionConfigurationPlatforms) = preSolution
		Debug|Any CPU = Debug|Any CPU
		Release|Any CPU = Release|Any CPU
	EndGlobalSection
	GlobalSection(ProjectConfigurationPlatforms) = postSolution
		{0137A871-E633-448F-985B-30500D30A092}.Debug|Any CPU.ActiveCfg = Debug|Any CPU
		{0137A871-E633-448F-985B-30500D30A092}.Debug|Any CPU.Build.0 = Debug|Any CPU
		{0137A871-E633-448F-985B-30500D30A092}.Release|Any CPU.ActiveCfg = Release|Any CPU
		{0137A871-E633-448F-985B-30500D30A092}.Release|Any CPU.Build.0 = Release|Any CPU
	EndGlobalSection
	GlobalSection(SolutionProperties) = preSolution
		HideSolutionNode = FALSE
	EndGlobalSection
	GlobalSection(ExtensibilityGlobals) = postSolution
		SolutionGuid = {5089FC5B-527E-4B44-AF94-89C7D7E691F5}
	EndGlobalSection
EndGlobal
